
Microsoft Visual Studio Solution File, Format Version 12.00
# Visual Studio Version 17
VisualStudioVersion = 17.13.35806.99 d17.13
MinimumVisualStudioVersion = 10.0.40219.1
Project("{FAE04EC0-301F-11D3-BF4B-00C04F79EFBC}") = "TcpGamesServer", "TcpGamesServer\TcpGamesServer.csproj", "{F6F39F59-C9F7-429B-BB1E-AB049A7A0DA4}"
EndProject
Project("{FAE04EC0-301F-11D3-BF4B-00C04F79EFBC}") = "TcpGamesClient", "TcpGamesClient\TcpGamesClient.csproj", "{18050A20-8015-4222-BC0F-9BEF0110060E}"
EndProject
Project("{FAE04EC0-301F-11D3-BF4B-00C04F79EFBC}") = "TcpGameSharedUtility", "TcpGameSharedUtility\TcpGameSharedUtility.csproj", "{A614706A-239B-4E5B-A61F-A11791E19E5C}"
EndProject
Global
	GlobalSection(SolutionConfigurationPlatforms) = preSolution
		Debug|Any CPU = Debug|Any CPU
		Release|Any CPU = Release|Any CPU
	EndGlobalSection
	GlobalSection(ProjectConfigurationPlatforms) = postSolution
		{F6F39F59-C9F7-429B-BB1E-AB049A7A0DA4}.Debug|Any CPU.ActiveCfg = Debug|Any CPU
		{F6F39F59-C9F7-429B-BB1E-AB049A7A0DA4}.Debug|Any CPU.Build.0 = Debug|Any CPU
		{F6F39F59-C9F7-429B-BB1E-AB049A7A0DA4}.Release|Any CPU.ActiveCfg = Release|Any CPU
		{F6F39F59-C9F7-429B-BB1E-AB049A7A0DA4}.Release|Any CPU.Build.0 = Release|Any CPU
		{18050A20-8015-4222-BC0F-9BEF0110060E}.Debug|Any CPU.ActiveCfg = Debug|Any CPU
		{18050A20-8015-4222-BC0F-9BEF0110060E}.Debug|Any CPU.Build.0 = Debug|Any CPU
		{18050A20-8015-4222-BC0F-9BEF0110060E}.Release|Any CPU.ActiveCfg = Release|Any CPU
		{18050A20-8015-4222-BC0F-9BEF0110060E}.Release|Any CPU.Build.0 = Release|Any CPU
		{A614706A-239B-4E5B-A61F-A11791E19E5C}.Debug|Any CPU.ActiveCfg = Debug|Any CPU
		{A614706A-239B-4E5B-A61F-A11791E19E5C}.Debug|Any CPU.Build.0 = Debug|Any CPU
		{A614706A-239B-4E5B-A61F-A11791E19E5C}.Release|Any CPU.ActiveCfg = Release|Any CPU
		{A614706A-239B-4E5B-A61F-A11791E19E5C}.Release|Any CPU.Build.0 = Release|Any CPU
	EndGlobalSection
	GlobalSection(SolutionProperties) = preSolution
		HideSolutionNode = FALSE
	EndGlobalSection
	GlobalSection(ExtensibilityGlobals) = postSolution
		SolutionGuid = {2CFF6D54-A534-46A2-96AB-56D06A7C7BFF}
	EndGlobalSection
EndGlobal
